// !$*UTF8*$!
{
	archiveVersion = 1;
	classes = {
	};
	objectVersion = 56;
	objects = {

/* Begin PBXBuildFile section */
		056200DF8B8FABAA80EA9BDE /* Pods_Fetch_Project.framework in Frameworks */ = {isa = PBXBuildFile; fileRef = E84E341B7B827D18DFE63B83 /* Pods_Fetch_Project.framework */; };
		4C7F6FF4A1FADE1C4E071656 /* Pods_Fetch_Project_Fetch_ProjectUITests.framework in Frameworks */ = {isa = PBXBuildFile; fileRef = CEF54FB4A1F29E823F94DC79 /* Pods_Fetch_Project_Fetch_ProjectUITests.framework */; };
		7EFA306A6F109E90E3B2BF9A /* Pods_Fetch_ProjectTests.framework in Frameworks */ = {isa = PBXBuildFile; fileRef = 415D6EEC6F31599529B75F03 /* Pods_Fetch_ProjectTests.framework */; };
		F5E187582C21620300223D99 /* AppDelegate.swift in Sources */ = {isa = PBXBuildFile; fileRef = F5E187572C21620300223D99 /* AppDelegate.swift */; };
		F5E1875A2C21620300223D99 /* SceneDelegate.swift in Sources */ = {isa = PBXBuildFile; fileRef = F5E187592C21620300223D99 /* SceneDelegate.swift */; };
		F5E1875F2C21620300223D99 /* Base in Resources */ = {isa = PBXBuildFile; fileRef = F5E1875E2C21620300223D99 /* Base */; };
		F5E187622C21620300223D99 /* Fetch_Project.xcdatamodeld in Sources */ = {isa = PBXBuildFile; fileRef = F5E187602C21620300223D99 /* Fetch_Project.xcdatamodeld */; };
		F5E187642C21620400223D99 /* Assets.xcassets in Resources */ = {isa = PBXBuildFile; fileRef = F5E187632C21620400223D99 /* Assets.xcassets */; };
		F5E187672C21620400223D99 /* Base in Resources */ = {isa = PBXBuildFile; fileRef = F5E187662C21620400223D99 /* Base */; };
		F5E187722C21620400223D99 /* Fetch_ProjectTests.swift in Sources */ = {isa = PBXBuildFile; fileRef = F5E187712C21620400223D99 /* Fetch_ProjectTests.swift */; };
		F5E1877C2C21620400223D99 /* Fetch_ProjectUITests.swift in Sources */ = {isa = PBXBuildFile; fileRef = F5E1877B2C21620400223D99 /* Fetch_ProjectUITests.swift */; };
		F5E1877E2C21620400223D99 /* Fetch_ProjectUITestsLaunchTests.swift in Sources */ = {isa = PBXBuildFile; fileRef = F5E1877D2C21620400223D99 /* Fetch_ProjectUITestsLaunchTests.swift */; };
		F5E1878C2C2168A500223D99 /* Meal.swift in Sources */ = {isa = PBXBuildFile; fileRef = F5E1878B2C2168A500223D99 /* Meal.swift */; };
		F5E1878E2C2169BF00223D99 /* MealDetail.swift in Sources */ = {isa = PBXBuildFile; fileRef = F5E1878D2C2169BF00223D99 /* MealDetail.swift */; };
		F5E187912C216A6D00223D99 /* MealListViewModel.swift in Sources */ = {isa = PBXBuildFile; fileRef = F5E187902C216A6D00223D99 /* MealListViewModel.swift */; };
		F5E187932C216B1C00223D99 /* MealDetailViewModel.swift in Sources */ = {isa = PBXBuildFile; fileRef = F5E187922C216B1C00223D99 /* MealDetailViewModel.swift */; };
		F5E187952C21766D00223D99 /* MealListViewController.swift in Sources */ = {isa = PBXBuildFile; fileRef = F5E187942C21766D00223D99 /* MealListViewController.swift */; };
		F5E187972C21769800223D99 /* MealDetailViewController.swift in Sources */ = {isa = PBXBuildFile; fileRef = F5E187962C21769800223D99 /* MealDetailViewController.swift */; };
		F5E187992C217BAE00223D99 /* LaunchScreen.storyboard in Resources */ = {isa = PBXBuildFile; fileRef = F5E187652C21620400223D99 /* LaunchScreen.storyboard */; };
		F5E1879B2C2289A300223D99 /* MealTableViewCell.swift in Sources */ = {isa = PBXBuildFile; fileRef = F5E1879A2C2289A200223D99 /* MealTableViewCell.swift */; };
/* End PBXBuildFile section */

/* Begin PBXContainerItemProxy section */
		F5E1876E2C21620400223D99 /* PBXContainerItemProxy */ = {
			isa = PBXContainerItemProxy;
			containerPortal = F5E1874C2C21620300223D99 /* Project object */;
			proxyType = 1;
			remoteGlobalIDString = F5E187532C21620300223D99;
			remoteInfo = "Fetch-Project";
		};
		F5E187782C21620400223D99 /* PBXContainerItemProxy */ = {
			isa = PBXContainerItemProxy;
			containerPortal = F5E1874C2C21620300223D99 /* Project object */;
			proxyType = 1;
			remoteGlobalIDString = F5E187532C21620300223D99;
			remoteInfo = "Fetch-Project";
		};
/* End PBXContainerItemProxy section */

/* Begin PBXFileReference section */
		415D6EEC6F31599529B75F03 /* Pods_Fetch_ProjectTests.framework */ = {isa = PBXFileReference; explicitFileType = wrapper.framework; includeInIndex = 0; path = Pods_Fetch_ProjectTests.framework; sourceTree = BUILT_PRODUCTS_DIR; };
		4F946E3E7EB5FCFF455F6F87 /* Pods-Fetch-ProjectTests.debug.xcconfig */ = {isa = PBXFileReference; includeInIndex = 1; lastKnownFileType = text.xcconfig; name = "Pods-Fetch-ProjectTests.debug.xcconfig"; path = "Target Support Files/Pods-Fetch-ProjectTests/Pods-Fetch-ProjectTests.debug.xcconfig"; sourceTree = "<group>"; };
		508FE8A91BBCAC28651F9C55 /* Pods-Fetch-Project.release.xcconfig */ = {isa = PBXFileReference; includeInIndex = 1; lastKnownFileType = text.xcconfig; name = "Pods-Fetch-Project.release.xcconfig"; path = "Target Support Files/Pods-Fetch-Project/Pods-Fetch-Project.release.xcconfig"; sourceTree = "<group>"; };
		6016AA8EECAFDF83681FA004 /* Pods-Fetch-Project.debug.xcconfig */ = {isa = PBXFileReference; includeInIndex = 1; lastKnownFileType = text.xcconfig; name = "Pods-Fetch-Project.debug.xcconfig"; path = "Target Support Files/Pods-Fetch-Project/Pods-Fetch-Project.debug.xcconfig"; sourceTree = "<group>"; };
		6C5AA6ABA0D823754810CF21 /* Pods-Fetch-Project-Fetch-ProjectUITests.release.xcconfig */ = {isa = PBXFileReference; includeInIndex = 1; lastKnownFileType = text.xcconfig; name = "Pods-Fetch-Project-Fetch-ProjectUITests.release.xcconfig"; path = "Target Support Files/Pods-Fetch-Project-Fetch-ProjectUITests/Pods-Fetch-Project-Fetch-ProjectUITests.release.xcconfig"; sourceTree = "<group>"; };
		774DACBD3884D68C8EA63D8C /* Pods-Fetch-Project-Fetch-ProjectUITests.debug.xcconfig */ = {isa = PBXFileReference; includeInIndex = 1; lastKnownFileType = text.xcconfig; name = "Pods-Fetch-Project-Fetch-ProjectUITests.debug.xcconfig"; path = "Target Support Files/Pods-Fetch-Project-Fetch-ProjectUITests/Pods-Fetch-Project-Fetch-ProjectUITests.debug.xcconfig"; sourceTree = "<group>"; };
		AD1830B011B5AE80691DD16E /* Pods-Fetch-ProjectTests.release.xcconfig */ = {isa = PBXFileReference; includeInIndex = 1; lastKnownFileType = text.xcconfig; name = "Pods-Fetch-ProjectTests.release.xcconfig"; path = "Target Support Files/Pods-Fetch-ProjectTests/Pods-Fetch-ProjectTests.release.xcconfig"; sourceTree = "<group>"; };
		CEF54FB4A1F29E823F94DC79 /* Pods_Fetch_Project_Fetch_ProjectUITests.framework */ = {isa = PBXFileReference; explicitFileType = wrapper.framework; includeInIndex = 0; path = Pods_Fetch_Project_Fetch_ProjectUITests.framework; sourceTree = BUILT_PRODUCTS_DIR; };
		E84E341B7B827D18DFE63B83 /* Pods_Fetch_Project.framework */ = {isa = PBXFileReference; explicitFileType = wrapper.framework; includeInIndex = 0; path = Pods_Fetch_Project.framework; sourceTree = BUILT_PRODUCTS_DIR; };
		F5E187542C21620300223D99 /* Fetch-Project.app */ = {isa = PBXFileReference; explicitFileType = wrapper.application; includeInIndex = 0; path = "Fetch-Project.app"; sourceTree = BUILT_PRODUCTS_DIR; };
		F5E187572C21620300223D99 /* AppDelegate.swift */ = {isa = PBXFileReference; lastKnownFileType = sourcecode.swift; path = AppDelegate.swift; sourceTree = "<group>"; };
		F5E187592C21620300223D99 /* SceneDelegate.swift */ = {isa = PBXFileReference; lastKnownFileType = sourcecode.swift; path = SceneDelegate.swift; sourceTree = "<group>"; };
		F5E1875E2C21620300223D99 /* Base */ = {isa = PBXFileReference; lastKnownFileType = file.storyboard; name = Base; path = Base.lproj/Main.storyboard; sourceTree = "<group>"; };
		F5E187612C21620300223D99 /* Fetch_Project.xcdatamodel */ = {isa = PBXFileReference; lastKnownFileType = wrapper.xcdatamodel; path = Fetch_Project.xcdatamodel; sourceTree = "<group>"; };
		F5E187632C21620400223D99 /* Assets.xcassets */ = {isa = PBXFileReference; lastKnownFileType = folder.assetcatalog; path = Assets.xcassets; sourceTree = "<group>"; };
		F5E187662C21620400223D99 /* Base */ = {isa = PBXFileReference; lastKnownFileType = file.storyboard; name = Base; path = Base.lproj/LaunchScreen.storyboard; sourceTree = "<group>"; };
		F5E187682C21620400223D99 /* Info.plist */ = {isa = PBXFileReference; lastKnownFileType = text.plist.xml; path = Info.plist; sourceTree = "<group>"; };
		F5E1876D2C21620400223D99 /* Fetch-ProjectTests.xctest */ = {isa = PBXFileReference; explicitFileType = wrapper.cfbundle; includeInIndex = 0; path = "Fetch-ProjectTests.xctest"; sourceTree = BUILT_PRODUCTS_DIR; };
		F5E187712C21620400223D99 /* Fetch_ProjectTests.swift */ = {isa = PBXFileReference; lastKnownFileType = sourcecode.swift; path = Fetch_ProjectTests.swift; sourceTree = "<group>"; };
		F5E187772C21620400223D99 /* Fetch-ProjectUITests.xctest */ = {isa = PBXFileReference; explicitFileType = wrapper.cfbundle; includeInIndex = 0; path = "Fetch-ProjectUITests.xctest"; sourceTree = BUILT_PRODUCTS_DIR; };
		F5E1877B2C21620400223D99 /* Fetch_ProjectUITests.swift */ = {isa = PBXFileReference; lastKnownFileType = sourcecode.swift; path = Fetch_ProjectUITests.swift; sourceTree = "<group>"; };
		F5E1877D2C21620400223D99 /* Fetch_ProjectUITestsLaunchTests.swift */ = {isa = PBXFileReference; lastKnownFileType = sourcecode.swift; path = Fetch_ProjectUITestsLaunchTests.swift; sourceTree = "<group>"; };
		F5E1878B2C2168A500223D99 /* Meal.swift */ = {isa = PBXFileReference; lastKnownFileType = sourcecode.swift; path = Meal.swift; sourceTree = "<group>"; };
		F5E1878D2C2169BF00223D99 /* MealDetail.swift */ = {isa = PBXFileReference; lastKnownFileType = sourcecode.swift; path = MealDetail.swift; sourceTree = "<group>"; };
		F5E187902C216A6D00223D99 /* MealListViewModel.swift */ = {isa = PBXFileReference; lastKnownFileType = sourcecode.swift; path = MealListViewModel.swift; sourceTree = "<group>"; };
		F5E187922C216B1C00223D99 /* MealDetailViewModel.swift */ = {isa = PBXFileReference; lastKnownFileType = sourcecode.swift; path = MealDetailViewModel.swift; sourceTree = "<group>"; };
		F5E187942C21766D00223D99 /* MealListViewController.swift */ = {isa = PBXFileReference; lastKnownFileType = sourcecode.swift; path = MealListViewController.swift; sourceTree = "<group>"; };
		F5E187962C21769800223D99 /* MealDetailViewController.swift */ = {isa = PBXFileReference; lastKnownFileType = sourcecode.swift; path = MealDetailViewController.swift; sourceTree = "<group>"; };
		F5E1879A2C2289A200223D99 /* MealTableViewCell.swift */ = {isa = PBXFileReference; lastKnownFileType = sourcecode.swift; path = MealTableViewCell.swift; sourceTree = "<group>"; };
/* End PBXFileReference section */

/* Begin PBXFrameworksBuildPhase section */
		F5E187512C21620300223D99 /* Frameworks */ = {
			isa = PBXFrameworksBuildPhase;
			buildActionMask = 2147483647;
			files = (
				056200DF8B8FABAA80EA9BDE /* Pods_Fetch_Project.framework in Frameworks */,
			);
			runOnlyForDeploymentPostprocessing = 0;
		};
		F5E1876A2C21620400223D99 /* Frameworks */ = {
			isa = PBXFrameworksBuildPhase;
			buildActionMask = 2147483647;
			files = (
				7EFA306A6F109E90E3B2BF9A /* Pods_Fetch_ProjectTests.framework in Frameworks */,
			);
			runOnlyForDeploymentPostprocessing = 0;
		};
		F5E187742C21620400223D99 /* Frameworks */ = {
			isa = PBXFrameworksBuildPhase;
			buildActionMask = 2147483647;
			files = (
				4C7F6FF4A1FADE1C4E071656 /* Pods_Fetch_Project_Fetch_ProjectUITests.framework in Frameworks */,
			);
			runOnlyForDeploymentPostprocessing = 0;
		};
/* End PBXFrameworksBuildPhase section */

/* Begin PBXGroup section */
		5403F0F36E069718C7EB82B2 /* Pods */ = {
			isa = PBXGroup;
			children = (
				6016AA8EECAFDF83681FA004 /* Pods-Fetch-Project.debug.xcconfig */,
				508FE8A91BBCAC28651F9C55 /* Pods-Fetch-Project.release.xcconfig */,
				774DACBD3884D68C8EA63D8C /* Pods-Fetch-Project-Fetch-ProjectUITests.debug.xcconfig */,
				6C5AA6ABA0D823754810CF21 /* Pods-Fetch-Project-Fetch-ProjectUITests.release.xcconfig */,
				4F946E3E7EB5FCFF455F6F87 /* Pods-Fetch-ProjectTests.debug.xcconfig */,
				AD1830B011B5AE80691DD16E /* Pods-Fetch-ProjectTests.release.xcconfig */,
			);
			path = Pods;
			sourceTree = "<group>";
		};
		8F336E8BFAF6F49FEFB3DBEA /* Frameworks */ = {
			isa = PBXGroup;
			children = (
				E84E341B7B827D18DFE63B83 /* Pods_Fetch_Project.framework */,
				CEF54FB4A1F29E823F94DC79 /* Pods_Fetch_Project_Fetch_ProjectUITests.framework */,
				415D6EEC6F31599529B75F03 /* Pods_Fetch_ProjectTests.framework */,
			);
			name = Frameworks;
			sourceTree = "<group>";
		};
		F5E1874B2C21620300223D99 = {
			isa = PBXGroup;
			children = (
				F5E187562C21620300223D99 /* Fetch-Project */,
				F5E187702C21620400223D99 /* Fetch-ProjectTests */,
				F5E1877A2C21620400223D99 /* Fetch-ProjectUITests */,
				F5E187552C21620300223D99 /* Products */,
				5403F0F36E069718C7EB82B2 /* Pods */,
				8F336E8BFAF6F49FEFB3DBEA /* Frameworks */,
			);
			sourceTree = "<group>";
		};
		F5E187552C21620300223D99 /* Products */ = {
			isa = PBXGroup;
			children = (
				F5E187542C21620300223D99 /* Fetch-Project.app */,
				F5E1876D2C21620400223D99 /* Fetch-ProjectTests.xctest */,
				F5E187772C21620400223D99 /* Fetch-ProjectUITests.xctest */,
			);
			name = Products;
			sourceTree = "<group>";
		};
		F5E187562C21620300223D99 /* Fetch-Project */ = {
			isa = PBXGroup;
			children = (
				F5E1878F2C216A5700223D99 /* ViewModel */,
				F5E1878A2C21688C00223D99 /* Model */,
				F5E187572C21620300223D99 /* AppDelegate.swift */,
				F5E187592C21620300223D99 /* SceneDelegate.swift */,
				F5E1875D2C21620300223D99 /* Main.storyboard */,
				F5E187632C21620400223D99 /* Assets.xcassets */,
				F5E187652C21620400223D99 /* LaunchScreen.storyboard */,
				F5E187682C21620400223D99 /* Info.plist */,
				F5E187602C21620300223D99 /* Fetch_Project.xcdatamodeld */,
				F5E187942C21766D00223D99 /* MealListViewController.swift */,
				F5E1879A2C2289A200223D99 /* MealTableViewCell.swift */,
				F5E187962C21769800223D99 /* MealDetailViewController.swift */,
			);
			path = "Fetch-Project";
			sourceTree = "<group>";
		};
		F5E187702C21620400223D99 /* Fetch-ProjectTests */ = {
			isa = PBXGroup;
			children = (
				F5E187712C21620400223D99 /* Fetch_ProjectTests.swift */,
			);
			path = "Fetch-ProjectTests";
			sourceTree = "<group>";
		};
		F5E1877A2C21620400223D99 /* Fetch-ProjectUITests */ = {
			isa = PBXGroup;
			children = (
				F5E1877B2C21620400223D99 /* Fetch_ProjectUITests.swift */,
				F5E1877D2C21620400223D99 /* Fetch_ProjectUITestsLaunchTests.swift */,
			);
			path = "Fetch-ProjectUITests";
			sourceTree = "<group>";
		};
		F5E1878A2C21688C00223D99 /* Model */ = {
			isa = PBXGroup;
			children = (
				F5E1878B2C2168A500223D99 /* Meal.swift */,
				F5E1878D2C2169BF00223D99 /* MealDetail.swift */,
			);
			path = Model;
			sourceTree = "<group>";
		};
		F5E1878F2C216A5700223D99 /* ViewModel */ = {
			isa = PBXGroup;
			children = (
				F5E187902C216A6D00223D99 /* MealListViewModel.swift */,
				F5E187922C216B1C00223D99 /* MealDetailViewModel.swift */,
			);
			path = ViewModel;
			sourceTree = "<group>";
		};
/* End PBXGroup section */

/* Begin PBXNativeTarget section */
		F5E187532C21620300223D99 /* Fetch-Project */ = {
			isa = PBXNativeTarget;
			buildConfigurationList = F5E187812C21620500223D99 /* Build configuration list for PBXNativeTarget "Fetch-Project" */;
			buildPhases = (
				BF959731ACDEAF725C297432 /* [CP] Check Pods Manifest.lock */,
				F5E187502C21620300223D99 /* Sources */,
				F5E187512C21620300223D99 /* Frameworks */,
				F5E187522C21620300223D99 /* Resources */,
				ACF829F9F841BF2314F56237 /* [CP] Embed Pods Frameworks */,
			);
			buildRules = (
			);
			dependencies = (
			);
			name = "Fetch-Project";
			productName = "Fetch-Project";
			productReference = F5E187542C21620300223D99 /* Fetch-Project.app */;
			productType = "com.apple.product-type.application";
		};
		F5E1876C2C21620400223D99 /* Fetch-ProjectTests */ = {
			isa = PBXNativeTarget;
			buildConfigurationList = F5E187842C21620500223D99 /* Build configuration list for PBXNativeTarget "Fetch-ProjectTests" */;
			buildPhases = (
				C3E52CAD1BEB302C66463A76 /* [CP] Check Pods Manifest.lock */,
				F5E187692C21620400223D99 /* Sources */,
				F5E1876A2C21620400223D99 /* Frameworks */,
				F5E1876B2C21620400223D99 /* Resources */,
			);
			buildRules = (
			);
			dependencies = (
				F5E1876F2C21620400223D99 /* PBXTargetDependency */,
			);
			name = "Fetch-ProjectTests";
			productName = "Fetch-ProjectTests";
			productReference = F5E1876D2C21620400223D99 /* Fetch-ProjectTests.xctest */;
			productType = "com.apple.product-type.bundle.unit-test";
		};
		F5E187762C21620400223D99 /* Fetch-ProjectUITests */ = {
			isa = PBXNativeTarget;
			buildConfigurationList = F5E187872C21620500223D99 /* Build configuration list for PBXNativeTarget "Fetch-ProjectUITests" */;
			buildPhases = (
				5FCC510FA8ABE0D931A123B3 /* [CP] Check Pods Manifest.lock */,
				F5E187732C21620400223D99 /* Sources */,
				F5E187742C21620400223D99 /* Frameworks */,
				F5E187752C21620400223D99 /* Resources */,
				375C6CA1E957EB403CFCADED /* [CP] Embed Pods Frameworks */,
			);
			buildRules = (
			);
			dependencies = (
				F5E187792C21620400223D99 /* PBXTargetDependency */,
			);
			name = "Fetch-ProjectUITests";
			productName = "Fetch-ProjectUITests";
			productReference = F5E187772C21620400223D99 /* Fetch-ProjectUITests.xctest */;
			productType = "com.apple.product-type.bundle.ui-testing";
		};
/* End PBXNativeTarget section */

/* Begin PBXProject section */
		F5E1874C2C21620300223D99 /* Project object */ = {
			isa = PBXProject;
			attributes = {
				BuildIndependentTargetsInParallel = 1;
				LastSwiftUpdateCheck = 1540;
				LastUpgradeCheck = 1540;
				TargetAttributes = {
					F5E187532C21620300223D99 = {
						CreatedOnToolsVersion = 15.4;
					};
					F5E1876C2C21620400223D99 = {
						CreatedOnToolsVersion = 15.4;
						TestTargetID = F5E187532C21620300223D99;
					};
					F5E187762C21620400223D99 = {
						CreatedOnToolsVersion = 15.4;
						TestTargetID = F5E187532C21620300223D99;
					};
				};
			};
			buildConfigurationList = F5E1874F2C21620300223D99 /* Build configuration list for PBXProject "Fetch-Project" */;
			compatibilityVersion = "Xcode 14.0";
			developmentRegion = en;
			hasScannedForEncodings = 0;
			knownRegions = (
				en,
				Base,
			);
			mainGroup = F5E1874B2C21620300223D99;
			productRefGroup = F5E187552C21620300223D99 /* Products */;
			projectDirPath = "";
			projectRoot = "";
			targets = (
				F5E187532C21620300223D99 /* Fetch-Project */,
				F5E1876C2C21620400223D99 /* Fetch-ProjectTests */,
				F5E187762C21620400223D99 /* Fetch-ProjectUITests */,
			);
		};
/* End PBXProject section */

/* Begin PBXResourcesBuildPhase section */
		F5E187522C21620300223D99 /* Resources */ = {
			isa = PBXResourcesBuildPhase;
			buildActionMask = 2147483647;
			files = (
				F5E187642C21620400223D99 /* Assets.xcassets in Resources */,
				F5E187992C217BAE00223D99 /* LaunchScreen.storyboard in Resources */,
				F5E187672C21620400223D99 /* Base in Resources */,
				F5E1875F2C21620300223D99 /* Base in Resources */,
			);
			runOnlyForDeploymentPostprocessing = 0;
		};
		F5E1876B2C21620400223D99 /* Resources */ = {
			isa = PBXResourcesBuildPhase;
			buildActionMask = 2147483647;
			files = (
			);
			runOnlyForDeploymentPostprocessing = 0;
		};
		F5E187752C21620400223D99 /* Resources */ = {
			isa = PBXResourcesBuildPhase;
			buildActionMask = 2147483647;
			files = (
			);
			runOnlyForDeploymentPostprocessing = 0;
		};
/* End PBXResourcesBuildPhase section */

/* Begin PBXShellScriptBuildPhase section */
		375C6CA1E957EB403CFCADED /* [CP] Embed Pods Frameworks */ = {
			isa = PBXShellScriptBuildPhase;
			buildActionMask = 2147483647;
			files = (
			);
			inputFileListPaths = (
				"${PODS_ROOT}/Target Support Files/Pods-Fetch-Project-Fetch-ProjectUITests/Pods-Fetch-Project-Fetch-ProjectUITests-frameworks-${CONFIGURATION}-input-files.xcfilelist",
			);
			name = "[CP] Embed Pods Frameworks";
			outputFileListPaths = (
				"${PODS_ROOT}/Target Support Files/Pods-Fetch-Project-Fetch-ProjectUITests/Pods-Fetch-Project-Fetch-ProjectUITests-frameworks-${CONFIGURATION}-output-files.xcfilelist",
			);
			runOnlyForDeploymentPostprocessing = 0;
			shellPath = /bin/sh;
			shellScript = "\"${PODS_ROOT}/Target Support Files/Pods-Fetch-Project-Fetch-ProjectUITests/Pods-Fetch-Project-Fetch-ProjectUITests-frameworks.sh\"\n";
			showEnvVarsInLog = 0;
		};
		5FCC510FA8ABE0D931A123B3 /* [CP] Check Pods Manifest.lock */ = {
			isa = PBXShellScriptBuildPhase;
			buildActionMask = 2147483647;
			files = (
			);
			inputFileListPaths = (
			);
			inputPaths = (
				"${PODS_PODFILE_DIR_PATH}/Podfile.lock",
				"${PODS_ROOT}/Manifest.lock",
			);
			name = "[CP] Check Pods Manifest.lock";
			outputFileListPaths = (
			);
			outputPaths = (
				"$(DERIVED_FILE_DIR)/Pods-Fetch-Project-Fetch-ProjectUITests-checkManifestLockResult.txt",
			);
			runOnlyForDeploymentPostprocessing = 0;
			shellPath = /bin/sh;
			shellScript = "diff \"${PODS_PODFILE_DIR_PATH}/Podfile.lock\" \"${PODS_ROOT}/Manifest.lock\" > /dev/null\nif [ $? != 0 ] ; then\n    # print error to STDERR\n    echo \"error: The sandbox is not in sync with the Podfile.lock. Run 'pod install' or update your CocoaPods installation.\" >&2\n    exit 1\nfi\n# This output is used by Xcode 'outputs' to avoid re-running this script phase.\necho \"SUCCESS\" > \"${SCRIPT_OUTPUT_FILE_0}\"\n";
			showEnvVarsInLog = 0;
		};
		ACF829F9F841BF2314F56237 /* [CP] Embed Pods Frameworks */ = {
			isa = PBXShellScriptBuildPhase;
			buildActionMask = 2147483647;
			files = (
			);
			inputFileListPaths = (
				"${PODS_ROOT}/Target Support Files/Pods-Fetch-Project/Pods-Fetch-Project-frameworks-${CONFIGURATION}-input-files.xcfilelist",
			);
			name = "[CP] Embed Pods Frameworks";
			outputFileListPaths = (
				"${PODS_ROOT}/Target Support Files/Pods-Fetch-Project/Pods-Fetch-Project-frameworks-${CONFIGURATION}-output-files.xcfilelist",
			);
			runOnlyForDeploymentPostprocessing = 0;
			shellPath = /bin/sh;
			shellScript = "\"${PODS_ROOT}/Target Support Files/Pods-Fetch-Project/Pods-Fetch-Project-frameworks.sh\"\n";
			showEnvVarsInLog = 0;
		};
		BF959731ACDEAF725C297432 /* [CP] Check Pods Manifest.lock */ = {
			isa = PBXShellScriptBuildPhase;
			buildActionMask = 2147483647;
			files = (
			);
			inputFileListPaths = (
			);
			inputPaths = (
				"${PODS_PODFILE_DIR_PATH}/Podfile.lock",
				"${PODS_ROOT}/Manifest.lock",
			);
			name = "[CP] Check Pods Manifest.lock";
			outputFileListPaths = (
			);
			outputPaths = (
				"$(DERIVED_FILE_DIR)/Pods-Fetch-Project-checkManifestLockResult.txt",
			);
			runOnlyForDeploymentPostprocessing = 0;
			shellPath = /bin/sh;
			shellScript = "diff \"${PODS_PODFILE_DIR_PATH}/Podfile.lock\" \"${PODS_ROOT}/Manifest.lock\" > /dev/null\nif [ $? != 0 ] ; then\n    # print error to STDERR\n    echo \"error: The sandbox is not in sync with the Podfile.lock. Run 'pod install' or update your CocoaPods installation.\" >&2\n    exit 1\nfi\n# This output is used by Xcode 'outputs' to avoid re-running this script phase.\necho \"SUCCESS\" > \"${SCRIPT_OUTPUT_FILE_0}\"\n";
			showEnvVarsInLog = 0;
		};
		C3E52CAD1BEB302C66463A76 /* [CP] Check Pods Manifest.lock */ = {
			isa = PBXShellScriptBuildPhase;
			buildActionMask = 2147483647;
			files = (
			);
			inputFileListPaths = (
			);
			inputPaths = (
				"${PODS_PODFILE_DIR_PATH}/Podfile.lock",
				"${PODS_ROOT}/Manifest.lock",
			);
			name = "[CP] Check Pods Manifest.lock";
			outputFileListPaths = (
			);
			outputPaths = (
				"$(DERIVED_FILE_DIR)/Pods-Fetch-ProjectTests-checkManifestLockResult.txt",
			);
			runOnlyForDeploymentPostprocessing = 0;
			shellPath = /bin/sh;
			shellScript = "diff \"${PODS_PODFILE_DIR_PATH}/Podfile.lock\" \"${PODS_ROOT}/Manifest.lock\" > /dev/null\nif [ $? != 0 ] ; then\n    # print error to STDERR\n    echo \"error: The sandbox is not in sync with the Podfile.lock. Run 'pod install' or update your CocoaPods installation.\" >&2\n    exit 1\nfi\n# This output is used by Xcode 'outputs' to avoid re-running this script phase.\necho \"SUCCESS\" > \"${SCRIPT_OUTPUT_FILE_0}\"\n";
			showEnvVarsInLog = 0;
		};
/* End PBXShellScriptBuildPhase section */

/* Begin PBXSourcesBuildPhase section */
		F5E187502C21620300223D99 /* Sources */ = {
			isa = PBXSourcesBuildPhase;
			buildActionMask = 2147483647;
			files = (
				F5E1878C2C2168A500223D99 /* Meal.swift in Sources */,
				F5E187952C21766D00223D99 /* MealListViewController.swift in Sources */,
				F5E187972C21769800223D99 /* MealDetailViewController.swift in Sources */,
				F5E187932C216B1C00223D99 /* MealDetailViewModel.swift in Sources */,
				F5E1879B2C2289A300223D99 /* MealTableViewCell.swift in Sources */,
				F5E187912C216A6D00223D99 /* MealListViewModel.swift in Sources */,
				F5E187582C21620300223D99 /* AppDelegate.swift in Sources */,
				F5E1878E2C2169BF00223D99 /* MealDetail.swift in Sources */,
				F5E187622C21620300223D99 /* Fetch_Project.xcdatamodeld in Sources */,
				F5E1875A2C21620300223D99 /* SceneDelegate.swift in Sources */,
			);
			runOnlyForDeploymentPostprocessing = 0;
		};
		F5E187692C21620400223D99 /* Sources */ = {
			isa = PBXSourcesBuildPhase;
			buildActionMask = 2147483647;
			files = (
				F5E187722C21620400223D99 /* Fetch_ProjectTests.swift in Sources */,
			);
			runOnlyForDeploymentPostprocessing = 0;
		};
		F5E187732C21620400223D99 /* Sources */ = {
			isa = PBXSourcesBuildPhase;
			buildActionMask = 2147483647;
			files = (
				F5E1877C2C21620400223D99 /* Fetch_ProjectUITests.swift in Sources */,
				F5E1877E2C21620400223D99 /* Fetch_ProjectUITestsLaunchTests.swift in Sources */,
			);
			runOnlyForDeploymentPostprocessing = 0;
		};
/* End PBXSourcesBuildPhase section */

/* Begin PBXTargetDependency section */
		F5E1876F2C21620400223D99 /* PBXTargetDependency */ = {
			isa = PBXTargetDependency;
			target = F5E187532C21620300223D99 /* Fetch-Project */;
			targetProxy = F5E1876E2C21620400223D99 /* PBXContainerItemProxy */;
		};
		F5E187792C21620400223D99 /* PBXTargetDependency */ = {
			isa = PBXTargetDependency;
			target = F5E187532C21620300223D99 /* Fetch-Project */;
			targetProxy = F5E187782C21620400223D99 /* PBXContainerItemProxy */;
		};
/* End PBXTargetDependency section */

/* Begin PBXVariantGroup section */
		F5E1875D2C21620300223D99 /* Main.storyboard */ = {
			isa = PBXVariantGroup;
			children = (
				F5E1875E2C21620300223D99 /* Base */,
			);
			name = Main.storyboard;
			sourceTree = "<group>";
		};
		F5E187652C21620400223D99 /* LaunchScreen.storyboard */ = {
			isa = PBXVariantGroup;
			children = (
				F5E187662C21620400223D99 /* Base */,
			);
			name = LaunchScreen.storyboard;
			sourceTree = "<group>";
		};
/* End PBXVariantGroup section */

/* Begin XCBuildConfiguration section */
		F5E1877F2C21620500223D99 /* Debug */ = {
			isa = XCBuildConfiguration;
			buildSettings = {
				ALWAYS_SEARCH_USER_PATHS = NO;
				ASSETCATALOG_COMPILER_GENERATE_SWIFT_ASSET_SYMBOL_EXTENSIONS = YES;
				CLANG_ANALYZER_NONNULL = YES;
				CLANG_ANALYZER_NUMBER_OBJECT_CONVERSION = YES_AGGRESSIVE;
				CLANG_CXX_LANGUAGE_STANDARD = "gnu++20";
				CLANG_ENABLE_MODULES = YES;
				CLANG_ENABLE_OBJC_ARC = YES;
				CLANG_ENABLE_OBJC_WEAK = YES;
				CLANG_WARN_BLOCK_CAPTURE_AUTORELEASING = YES;
				CLANG_WARN_BOOL_CONVERSION = YES;
				CLANG_WARN_COMMA = YES;
				CLANG_WARN_CONSTANT_CONVERSION = YES;
				CLANG_WARN_DEPRECATED_OBJC_IMPLEMENTATIONS = YES;
				CLANG_WARN_DIRECT_OBJC_ISA_USAGE = YES_ERROR;
				CLANG_WARN_DOCUMENTATION_COMMENTS = YES;
				CLANG_WARN_EMPTY_BODY = YES;
				CLANG_WARN_ENUM_CONVERSION = YES;
				CLANG_WARN_INFINITE_RECURSION = YES;
				CLANG_WARN_INT_CONVERSION = YES;
				CLANG_WARN_NON_LITERAL_NULL_CONVERSION = YES;
				CLANG_WARN_OBJC_IMPLICIT_RETAIN_SELF = YES;
				CLANG_WARN_OBJC_LITERAL_CONVERSION = YES;
				CLANG_WARN_OBJC_ROOT_CLASS = YES_ERROR;
				CLANG_WARN_QUOTED_INCLUDE_IN_FRAMEWORK_HEADER = YES;
				CLANG_WARN_RANGE_LOOP_ANALYSIS = YES;
				CLANG_WARN_STRICT_PROTOTYPES = YES;
				CLANG_WARN_SUSPICIOUS_MOVE = YES;
				CLANG_WARN_UNGUARDED_AVAILABILITY = YES_AGGRESSIVE;
				CLANG_WARN_UNREACHABLE_CODE = YES;
				CLANG_WARN__DUPLICATE_METHOD_MATCH = YES;
				COPY_PHASE_STRIP = NO;
				DEBUG_INFORMATION_FORMAT = dwarf;
				ENABLE_STRICT_OBJC_MSGSEND = YES;
				ENABLE_TESTABILITY = YES;
				ENABLE_USER_SCRIPT_SANDBOXING = YES;
				GCC_C_LANGUAGE_STANDARD = gnu17;
				GCC_DYNAMIC_NO_PIC = NO;
				GCC_NO_COMMON_BLOCKS = YES;
				GCC_OPTIMIZATION_LEVEL = 0;
				GCC_PREPROCESSOR_DEFINITIONS = (
					"DEBUG=1",
					"$(inherited)",
				);
				GCC_WARN_64_TO_32_BIT_CONVERSION = YES;
				GCC_WARN_ABOUT_RETURN_TYPE = YES_ERROR;
				GCC_WARN_UNDECLARED_SELECTOR = YES;
				GCC_WARN_UNINITIALIZED_AUTOS = YES_AGGRESSIVE;
				GCC_WARN_UNUSED_FUNCTION = YES;
				GCC_WARN_UNUSED_VARIABLE = YES;
				IPHONEOS_DEPLOYMENT_TARGET = 17.5;
				LOCALIZATION_PREFERS_STRING_CATALOGS = YES;
				MTL_ENABLE_DEBUG_INFO = INCLUDE_SOURCE;
				MTL_FAST_MATH = YES;
				ONLY_ACTIVE_ARCH = YES;
				SDKROOT = iphoneos;
				SWIFT_ACTIVE_COMPILATION_CONDITIONS = "DEBUG $(inherited)";
				SWIFT_OPTIMIZATION_LEVEL = "-Onone";
			};
			name = Debug;
		};
		F5E187802C21620500223D99 /* Release */ = {
			isa = XCBuildConfiguration;
			buildSettings = {
				ALWAYS_SEARCH_USER_PATHS = NO;
				ASSETCATALOG_COMPILER_GENERATE_SWIFT_ASSET_SYMBOL_EXTENSIONS = YES;
				CLANG_ANALYZER_NONNULL = YES;
				CLANG_ANALYZER_NUMBER_OBJECT_CONVERSION = YES_AGGRESSIVE;
				CLANG_CXX_LANGUAGE_STANDARD = "gnu++20";
				CLANG_ENABLE_MODULES = YES;
				CLANG_ENABLE_OBJC_ARC = YES;
				CLANG_ENABLE_OBJC_WEAK = YES;
				CLANG_WARN_BLOCK_CAPTURE_AUTORELEASING = YES;
				CLANG_WARN_BOOL_CONVERSION = YES;
				CLANG_WARN_COMMA = YES;
				CLANG_WARN_CONSTANT_CONVERSION = YES;
				CLANG_WARN_DEPRECATED_OBJC_IMPLEMENTATIONS = YES;
				CLANG_WARN_DIRECT_OBJC_ISA_USAGE = YES_ERROR;
				CLANG_WARN_DOCUMENTATION_COMMENTS = YES;
				CLANG_WARN_EMPTY_BODY = YES;
				CLANG_WARN_ENUM_CONVERSION = YES;
				CLANG_WARN_INFINITE_RECURSION = YES;
				CLANG_WARN_INT_CONVERSION = YES;
				CLANG_WARN_NON_LITERAL_NULL_CONVERSION = YES;
				CLANG_WARN_OBJC_IMPLICIT_RETAIN_SELF = YES;
				CLANG_WARN_OBJC_LITERAL_CONVERSION = YES;
				CLANG_WARN_OBJC_ROOT_CLASS = YES_ERROR;
				CLANG_WARN_QUOTED_INCLUDE_IN_FRAMEWORK_HEADER = YES;
				CLANG_WARN_RANGE_LOOP_ANALYSIS = YES;
				CLANG_WARN_STRICT_PROTOTYPES = YES;
				CLANG_WARN_SUSPICIOUS_MOVE = YES;
				CLANG_WARN_UNGUARDED_AVAILABILITY = YES_AGGRESSIVE;
				CLANG_WARN_UNREACHABLE_CODE = YES;
				CLANG_WARN__DUPLICATE_METHOD_MATCH = YES;
				COPY_PHASE_STRIP = NO;
				DEBUG_INFORMATION_FORMAT = "dwarf-with-dsym";
				ENABLE_NS_ASSERTIONS = NO;
				ENABLE_STRICT_OBJC_MSGSEND = YES;
				ENABLE_USER_SCRIPT_SANDBOXING = YES;
				GCC_C_LANGUAGE_STANDARD = gnu17;
				GCC_NO_COMMON_BLOCKS = YES;
				GCC_WARN_64_TO_32_BIT_CONVERSION = YES;
				GCC_WARN_ABOUT_RETURN_TYPE = YES_ERROR;
				GCC_WARN_UNDECLARED_SELECTOR = YES;
				GCC_WARN_UNINITIALIZED_AUTOS = YES_AGGRESSIVE;
				GCC_WARN_UNUSED_FUNCTION = YES;
				GCC_WARN_UNUSED_VARIABLE = YES;
				IPHONEOS_DEPLOYMENT_TARGET = 17.5;
				LOCALIZATION_PREFERS_STRING_CATALOGS = YES;
				MTL_ENABLE_DEBUG_INFO = NO;
				MTL_FAST_MATH = YES;
				SDKROOT = iphoneos;
				SWIFT_COMPILATION_MODE = wholemodule;
				VALIDATE_PRODUCT = YES;
			};
			name = Release;
		};
		F5E187822C21620500223D99 /* Debug */ = {
			isa = XCBuildConfiguration;
			baseConfigurationReference = 6016AA8EECAFDF83681FA004 /* Pods-Fetch-Project.debug.xcconfig */;
			buildSettings = {
				ASSETCATALOG_COMPILER_APPICON_NAME = AppIcon;
				ASSETCATALOG_COMPILER_GLOBAL_ACCENT_COLOR_NAME = AccentColor;
				CODE_SIGN_STYLE = Automatic;
				CURRENT_PROJECT_VERSION = 1;
				DEVELOPMENT_TEAM = 255529GUNH;
				ENABLE_USER_SCRIPT_SANDBOXING = NO;
				GENERATE_INFOPLIST_FILE = YES;
				INFOPLIST_FILE = "Fetch-Project/Info.plist";
				INFOPLIST_KEY_UIApplicationSupportsIndirectInputEvents = YES;
				INFOPLIST_KEY_UILaunchStoryboardName = LaunchScreen;
				INFOPLIST_KEY_UIMainStoryboardFile = Main;
				INFOPLIST_KEY_UISupportedInterfaceOrientations_iPad = "UIInterfaceOrientationPortrait UIInterfaceOrientationPortraitUpsideDown UIInterfaceOrientationLandscapeLeft UIInterfaceOrientationLandscapeRight";
				INFOPLIST_KEY_UISupportedInterfaceOrientations_iPhone = "UIInterfaceOrientationPortrait UIInterfaceOrientationLandscapeLeft UIInterfaceOrientationLandscapeRight";
				LD_RUNPATH_SEARCH_PATHS = (
					"$(inherited)",
					"@executable_path/Frameworks",
				);
				MARKETING_VERSION = 1.0;
				PRODUCT_BUNDLE_IDENTIFIER = "e.Fetch-Project";
				PRODUCT_NAME = "$(TARGET_NAME)";
				SWIFT_EMIT_LOC_STRINGS = YES;
				SWIFT_VERSION = 5.0;
				TARGETED_DEVICE_FAMILY = "1,2";
			};
			name = Debug;
		};
		F5E187832C21620500223D99 /* Release */ = {
			isa = XCBuildConfiguration;
			baseConfigurationReference = 508FE8A91BBCAC28651F9C55 /* Pods-Fetch-Project.release.xcconfig */;
			buildSettings = {
				ASSETCATALOG_COMPILER_APPICON_NAME = AppIcon;
				ASSETCATALOG_COMPILER_GLOBAL_ACCENT_COLOR_NAME = AccentColor;
				CODE_SIGN_STYLE = Automatic;
				CURRENT_PROJECT_VERSION = 1;
				DEVELOPMENT_TEAM = 255529GUNH;
				ENABLE_USER_SCRIPT_SANDBOXING = NO;
				GENERATE_INFOPLIST_FILE = YES;
				INFOPLIST_FILE = "Fetch-Project/Info.plist";
				INFOPLIST_KEY_UIApplicationSupportsIndirectInputEvents = YES;
				INFOPLIST_KEY_UILaunchStoryboardName = LaunchScreen;
				INFOPLIST_KEY_UIMainStoryboardFile = Main;
				INFOPLIST_KEY_UISupportedInterfaceOrientations_iPad = "UIInterfaceOrientationPortrait UIInterfaceOrientationPortraitUpsideDown UIInterfaceOrientationLandscapeLeft UIInterfaceOrientationLandscapeRight";
				INFOPLIST_KEY_UISupportedInterfaceOrientations_iPhone = "UIInterfaceOrientationPortrait UIInterfaceOrientationLandscapeLeft UIInterfaceOrientationLandscapeRight";
				LD_RUNPATH_SEARCH_PATHS = (
					"$(inherited)",
					"@executable_path/Frameworks",
				);
				MARKETING_VERSION = 1.0;
				PRODUCT_BUNDLE_IDENTIFIER = "e.Fetch-Project";
				PRODUCT_NAME = "$(TARGET_NAME)";
				SWIFT_EMIT_LOC_STRINGS = YES;
				SWIFT_VERSION = 5.0;
				TARGETED_DEVICE_FAMILY = "1,2";
			};
			name = Release;
		};
		F5E187852C21620500223D99 /* Debug */ = {
			isa = XCBuildConfiguration;
			baseConfigurationReference = 4F946E3E7EB5FCFF455F6F87 /* Pods-Fetch-ProjectTests.debug.xcconfig */;
			buildSettings = {
				ALWAYS_EMBED_SWIFT_STANDARD_LIBRARIES = YES;
				BUNDLE_LOADER = "$(TEST_HOST)";
				CODE_SIGN_STYLE = Automatic;
				CURRENT_PROJECT_VERSION = 1;
				DEVELOPMENT_TEAM = 255529GUNH;
				GENERATE_INFOPLIST_FILE = YES;
				IPHONEOS_DEPLOYMENT_TARGET = 17.5;
				MARKETING_VERSION = 1.0;
				PRODUCT_BUNDLE_IDENTIFIER = "e.Fetch-ProjectTests";
				PRODUCT_NAME = "$(TARGET_NAME)";
				SWIFT_EMIT_LOC_STRINGS = NO;
				SWIFT_VERSION = 5.0;
				TARGETED_DEVICE_FAMILY = "1,2";
				TEST_HOST = "$(BUILT_PRODUCTS_DIR)/Fetch-Project.app/$(BUNDLE_EXECUTABLE_FOLDER_PATH)/Fetch-Project";
			};
			name = Debug;
		};
		F5E187862C21620500223D99 /* Release */ = {
			isa = XCBuildConfiguration;
			baseConfigurationReference = AD1830B011B5AE80691DD16E /* Pods-Fetch-ProjectTests.release.xcconfig */;
			buildSettings = {
				ALWAYS_EMBED_SWIFT_STANDARD_LIBRARIES = YES;
				BUNDLE_LOADER = "$(TEST_HOST)";
				CODE_SIGN_STYLE = Automatic;
				CURRENT_PROJECT_VERSION = 1;
				DEVELOPMENT_TEAM = 255529GUNH;
				GENERATE_INFOPLIST_FILE = YES;
				IPHONEOS_DEPLOYMENT_TARGET = 17.5;
				MARKETING_VERSION = 1.0;
				PRODUCT_BUNDLE_IDENTIFIER = "e.Fetch-ProjectTests";
				PRODUCT_NAME = "$(TARGET_NAME)";
				SWIFT_EMIT_LOC_STRINGS = NO;
				SWIFT_VERSION = 5.0;
				TARGETED_DEVICE_FAMILY = "1,2";
				TEST_HOST = "$(BUILT_PRODUCTS_DIR)/Fetch-Project.app/$(BUNDLE_EXECUTABLE_FOLDER_PATH)/Fetch-Project";
			};
			name = Release;
		};
		F5E187882C21620500223D99 /* Debug */ = {
			isa = XCBuildConfiguration;
			baseConfigurationReference = 774DACBD3884D68C8EA63D8C /* Pods-Fetch-Project-Fetch-ProjectUITests.debug.xcconfig */;
			buildSettings = {
				ALWAYS_EMBED_SWIFT_STANDARD_LIBRARIES = YES;
				CODE_SIGN_STYLE = Automatic;
				CURRENT_PROJECT_VERSION = 1;
				DEVELOPMENT_TEAM = 255529GUNH;
				GENERATE_INFOPLIST_FILE = YES;
				MARKETING_VERSION = 1.0;
				PRODUCT_BUNDLE_IDENTIFIER = "e.Fetch-ProjectUITests";
				PRODUCT_NAME = "$(TARGET_NAME)";
				SWIFT_EMIT_LOC_STRINGS = NO;
				SWIFT_VERSION = 5.0;
				TARGETED_DEVICE_FAMILY = "1,2";
				TEST_TARGET_NAME = "Fetch-Project";
			};
			name = Debug;
		};
		F5E187892C21620500223D99 /* Release */ = {
			isa = XCBuildConfiguration;
			baseConfigurationReference = 6C5AA6ABA0D823754810CF21 /* Pods-Fetch-Project-Fetch-ProjectUITests.release.xcconfig */;
			buildSettings = {
				ALWAYS_EMBED_SWIFT_STANDARD_LIBRARIES = YES;
				CODE_SIGN_STYLE = Automatic;
				CURRENT_PROJECT_VERSION = 1;
				DEVELOPMENT_TEAM = 255529GUNH;
				GENERATE_INFOPLIST_FILE = YES;
				MARKETING_VERSION = 1.0;
				PRODUCT_BUNDLE_IDENTIFIER = "e.Fetch-ProjectUITests";
				PRODUCT_NAME = "$(TARGET_NAME)";
				SWIFT_EMIT_LOC_STRINGS = NO;
				SWIFT_VERSION = 5.0;
				TARGETED_DEVICE_FAMILY = "1,2";
				TEST_TARGET_NAME = "Fetch-Project";
			};
			name = Release;
		};
/* End XCBuildConfiguration section */

/* Begin XCConfigurationList section */
		F5E1874F2C21620300223D99 /* Build configuration list for PBXProject "Fetch-Project" */ = {
			isa = XCConfigurationList;
			buildConfigurations = (
				F5E1877F2C21620500223D99 /* Debug */,
				F5E187802C21620500223D99 /* Release */,
			);
			defaultConfigurationIsVisible = 0;
			defaultConfigurationName = Release;
		};
		F5E187812C21620500223D99 /* Build configuration list for PBXNativeTarget "Fetch-Project" */ = {
			isa = XCConfigurationList;
			buildConfigurations = (
				F5E187822C21620500223D99 /* Debug */,
				F5E187832C21620500223D99 /* Release */,
			);
			defaultConfigurationIsVisible = 0;
			defaultConfigurationName = Release;
		};
		F5E187842C21620500223D99 /* Build configuration list for PBXNativeTarget "Fetch-ProjectTests" */ = {
			isa = XCConfigurationList;
			buildConfigurations = (
				F5E187852C21620500223D99 /* Debug */,
				F5E187862C21620500223D99 /* Release */,
			);
			defaultConfigurationIsVisible = 0;
			defaultConfigurationName = Release;
		};
		F5E187872C21620500223D99 /* Build configuration list for PBXNativeTarget "Fetch-ProjectUITests" */ = {
			isa = XCConfigurationList;
			buildConfigurations = (
				F5E187882C21620500223D99 /* Debug */,
				F5E187892C21620500223D99 /* Release */,
			);
			defaultConfigurationIsVisible = 0;
			defaultConfigurationName = Release;
		};
/* End XCConfigurationList section */

/* Begin XCVersionGroup section */
		F5E187602C21620300223D99 /* Fetch_Project.xcdatamodeld */ = {
			isa = XCVersionGroup;
			children = (
				F5E187612C21620300223D99 /* Fetch_Project.xcdatamodel */,
			);
			currentVersion = F5E187612C21620300223D99 /* Fetch_Project.xcdatamodel */;
			path = Fetch_Project.xcdatamodeld;
			sourceTree = "<group>";
			versionGroupType = wrapper.xcdatamodel;
		};
/* End XCVersionGroup section */
	};
	rootObject = F5E1874C2C21620300223D99 /* Project object */;
}
